
Microsoft Visual Studio Solution File, Format Version 11.00
# Visual Studio 15

Project("{8BC9CEB8-8B4A-11D0-8D11-00A0C91BC942}") = "SendMIDITests - ConsoleApp", "SendMIDITests_ConsoleApp.vcxproj", "{BA9D0255-0446-1758-65B8-7DBA1B5BCD69}"
EndProject
Global
	GlobalSection(SolutionConfigurationPlatforms) = preSolution
		Debug|x64 = Debug|x64
		Release|x64 = Release|x64
	EndGlobalSection
	GlobalSection(ProjectConfigurationPlatforms) = postSolution
		{BA9D0255-0446-1758-65B8-7DBA1B5BCD69}.Debug|x64.ActiveCfg = Debug|x64
		{BA9D0255-0446-1758-65B8-7DBA1B5BCD69}.Debug|x64.Build.0 = Debug|x64
		{BA9D0255-0446-1758-65B8-7DBA1B5BCD69}.Release|x64.ActiveCfg = Release|x64
		{BA9D0255-0446-1758-65B8-7DBA1B5BCD69}.Release|x64.Build.0 = Release|x64
	EndGlobalSection
	GlobalSection(SolutionProperties) = preSolution
		HideSolutionNode = FALSE
	EndGlobalSection
EndGlobal
