
Microsoft Visual Studio Solution File, Format Version 11.00
# Visual Studio 14

Project("{8BC9CEB8-8B4A-11D0-8D11-00A0C91BC942}") = "sendmidi - ConsoleApp", "sendmidi_ConsoleApp.vcxproj", "{EC07A94C-C6F1-D5CC-D12F-CB5B41909707}"
EndProject
Global
	GlobalSection(SolutionConfigurationPlatforms) = preSolution
		Debug|Win32 = Debug|Win32
		Release|Win32 = Release|Win32
	EndGlobalSection
	GlobalSection(ProjectConfigurationPlatforms) = postSolution
		{EC07A94C-C6F1-D5CC-D12F-CB5B41909707}.Debug|Win32.ActiveCfg = Debug|Win32
		{EC07A94C-C6F1-D5CC-D12F-CB5B41909707}.Debug|Win32.Build.0 = Debug|Win32
		{EC07A94C-C6F1-D5CC-D12F-CB5B41909707}.Release|Win32.ActiveCfg = Release|Win32
		{EC07A94C-C6F1-D5CC-D12F-CB5B41909707}.Release|Win32.Build.0 = Release|Win32
	EndGlobalSection
	GlobalSection(SolutionProperties) = preSolution
		HideSolutionNode = FALSE
	EndGlobalSection
EndGlobal
