Microsoft Visual Studio Solution File, Format Version 11.00
# Visual Studio 2015

Project("{8BC9CEB8-8B4A-11D0-8D11-00A0C91BC942}") = "sendmidi - ConsoleApp", "sendmidi_ConsoleApp.vcxproj", "{EC07A94C-C6F1-D5CC-D12F-CB5B41909707}"
EndProject
Project("{2150E333-8FDC-42A3-9474-1A3956D46DE8}") = "sendmidi", "sendmidi", "{300DF541-1546-B375-72BA-7D0111C3CAEE}"
EndProject
Project("{2150E333-8FDC-42A3-9474-1A3956D46DE8}") = "Source", "Source", "{252175E7-71E7-97EF-2D08-FF69A4A6CC07}"
	ProjectSection(SolutionItems) = preProject
		..\..\Source\Main.cpp = ..\..\Source\Main.cpp
	EndProjectSection
EndProject
Project("{2150E333-8FDC-42A3-9474-1A3956D46DE8}") = "Juce Modules", "Juce Modules", "{AD2C04D4-7DBA-314E-4D66-F2B021015F59}"
EndProject
Project("{2150E333-8FDC-42A3-9474-1A3956D46DE8}") = "juce_audio_basics", "juce_audio_basics", "{7D98269F-FE96-6BA2-6982-95A094257474}"
	ProjectSection(SolutionItems) = preProject
		..\..\JuceLibraryCode\modules\juce_audio_basics\juce_audio_basics.cpp = ..\..\JuceLibraryCode\modules\juce_audio_basics\juce_audio_basics.cpp
		..\..\JuceLibraryCode\modules\juce_audio_basics\juce_audio_basics.h = ..\..\JuceLibraryCode\modules\juce_audio_basics\juce_audio_basics.h
		..\..\JuceLibraryCode\modules\juce_audio_basics\juce_audio_basics.mm = ..\..\JuceLibraryCode\modules\juce_audio_basics\juce_audio_basics.mm
		..\..\..\..\JUCE\modules\juce_audio_basics\juce_audio_basics.h = ..\..\..\..\JUCE\modules\juce_audio_basics\juce_audio_basics.h
	EndProjectSection
EndProject
Project("{2150E333-8FDC-42A3-9474-1A3956D46DE8}") = "audio_play_head", "audio_play_head", "{EBF046F5-7CA3-37D3-9D14-C9A7C0217454}"
	ProjectSection(SolutionItems) = preProject
		..\..\JuceLibraryCode\modules\juce_audio_basics\audio_play_head\juce_AudioPlayHead.h = ..\..\JuceLibraryCode\modules\juce_audio_basics\audio_play_head\juce_AudioPlayHead.h
	EndProjectSection
EndProject
Project("{2150E333-8FDC-42A3-9474-1A3956D46DE8}") = "buffers", "buffers", "{7CD42E50-9A58-3EBA-EE01-8BB53EE23455}"
	ProjectSection(SolutionItems) = preProject
		..\..\JuceLibraryCode\modules\juce_audio_basics\buffers\juce_AudioChannelSet.cpp = ..\..\JuceLibraryCode\modules\juce_audio_basics\buffers\juce_AudioChannelSet.cpp
		..\..\JuceLibraryCode\modules\juce_audio_basics\buffers\juce_AudioChannelSet.h = ..\..\JuceLibraryCode\modules\juce_audio_basics\buffers\juce_AudioChannelSet.h
		..\..\JuceLibraryCode\modules\juce_audio_basics\buffers\juce_AudioDataConverters.cpp = ..\..\JuceLibraryCode\modules\juce_audio_basics\buffers\juce_AudioDataConverters.cpp
		..\..\JuceLibraryCode\modules\juce_audio_basics\buffers\juce_AudioDataConverters.h = ..\..\JuceLibraryCode\modules\juce_audio_basics\buffers\juce_AudioDataConverters.h
		..\..\JuceLibraryCode\modules\juce_audio_basics\buffers\juce_AudioSampleBuffer.h = ..\..\JuceLibraryCode\modules\juce_audio_basics\buffers\juce_AudioSampleBuffer.h
		..\..\JuceLibraryCode\modules\juce_audio_basics\buffers\juce_FloatVectorOperations.cpp = ..\..\JuceLibraryCode\modules\juce_audio_basics\buffers\juce_FloatVectorOperations.cpp
		..\..\JuceLibraryCode\modules\juce_audio_basics\buffers\juce_FloatVectorOperations.h = ..\..\JuceLibraryCode\modules\juce_audio_basics\buffers\juce_FloatVectorOperations.h
	EndProjectSection
EndProject
Project("{2150E333-8FDC-42A3-9474-1A3956D46DE8}") = "effects", "effects", "{F9D856A3-0393-6323-2067-7800D15AE886}"
	ProjectSection(SolutionItems) = preProject
		..\..\JuceLibraryCode\modules\juce_audio_basics\effects\juce_CatmullRomInterpolator.cpp = ..\..\JuceLibraryCode\modules\juce_audio_basics\effects\juce_CatmullRomInterpolator.cpp
		..\..\JuceLibraryCode\modules\juce_audio_basics\effects\juce_CatmullRomInterpolator.h = ..\..\JuceLibraryCode\modules\juce_audio_basics\effects\juce_CatmullRomInterpolator.h
		..\..\JuceLibraryCode\modules\juce_audio_basics\effects\juce_Decibels.h = ..\..\JuceLibraryCode\modules\juce_audio_basics\effects\juce_Decibels.h
		..\..\JuceLibraryCode\modules\juce_audio_basics\effects\juce_FFT.cpp = ..\..\JuceLibraryCode\modules\juce_audio_basics\effects\juce_FFT.cpp
		..\..\JuceLibraryCode\modules\juce_audio_basics\effects\juce_FFT.h = ..\..\JuceLibraryCode\modules\juce_audio_basics\effects\juce_FFT.h
		..\..\JuceLibraryCode\modules\juce_audio_basics\effects\juce_IIRFilter.cpp = ..\..\JuceLibraryCode\modules\juce_audio_basics\effects\juce_IIRFilter.cpp
		..\..\JuceLibraryCode\modules\juce_audio_basics\effects\juce_IIRFilter.h = ..\..\JuceLibraryCode\modules\juce_audio_basics\effects\juce_IIRFilter.h
		..\..\JuceLibraryCode\modules\juce_audio_basics\effects\juce_LagrangeInterpolator.cpp = ..\..\JuceLibraryCode\modules\juce_audio_basics\effects\juce_LagrangeInterpolator.cpp
		..\..\JuceLibraryCode\modules\juce_audio_basics\effects\juce_LagrangeInterpolator.h = ..\..\JuceLibraryCode\modules\juce_audio_basics\effects\juce_LagrangeInterpolator.h
		..\..\JuceLibraryCode\modules\juce_audio_basics\effects\juce_LinearSmoothedValue.h = ..\..\JuceLibraryCode\modules\juce_audio_basics\effects\juce_LinearSmoothedValue.h
		..\..\JuceLibraryCode\modules\juce_audio_basics\effects\juce_Reverb.h = ..\..\JuceLibraryCode\modules\juce_audio_basics\effects\juce_Reverb.h
	EndProjectSection
EndProject
Project("{2150E333-8FDC-42A3-9474-1A3956D46DE8}") = "midi", "midi", "{FBCC726E-3B5D-51C5-5448-EB34B8EF4D5A}"
	ProjectSection(SolutionItems) = preProject
		..\..\JuceLibraryCode\modules\juce_audio_basics\midi\juce_MidiBuffer.cpp = ..\..\JuceLibraryCode\modules\juce_audio_basics\midi\juce_MidiBuffer.cpp
		..\..\JuceLibraryCode\modules\juce_audio_basics\midi\juce_MidiBuffer.h = ..\..\JuceLibraryCode\modules\juce_audio_basics\midi\juce_MidiBuffer.h
		..\..\JuceLibraryCode\modules\juce_audio_basics\midi\juce_MidiFile.cpp = ..\..\JuceLibraryCode\modules\juce_audio_basics\midi\juce_MidiFile.cpp
		..\..\JuceLibraryCode\modules\juce_audio_basics\midi\juce_MidiFile.h = ..\..\JuceLibraryCode\modules\juce_audio_basics\midi\juce_MidiFile.h
		..\..\JuceLibraryCode\modules\juce_audio_basics\midi\juce_MidiKeyboardState.cpp = ..\..\JuceLibraryCode\modules\juce_audio_basics\midi\juce_MidiKeyboardState.cpp
		..\..\JuceLibraryCode\modules\juce_audio_basics\midi\juce_MidiKeyboardState.h = ..\..\JuceLibraryCode\modules\juce_audio_basics\midi\juce_MidiKeyboardState.h
		..\..\JuceLibraryCode\modules\juce_audio_basics\midi\juce_MidiMessage.cpp = ..\..\JuceLibraryCode\modules\juce_audio_basics\midi\juce_MidiMessage.cpp
		..\..\JuceLibraryCode\modules\juce_audio_basics\midi\juce_MidiMessage.h = ..\..\JuceLibraryCode\modules\juce_audio_basics\midi\juce_MidiMessage.h
		..\..\JuceLibraryCode\modules\juce_audio_basics\midi\juce_MidiMessageSequence.cpp = ..\..\JuceLibraryCode\modules\juce_audio_basics\midi\juce_MidiMessageSequence.cpp
		..\..\JuceLibraryCode\modules\juce_audio_basics\midi\juce_MidiMessageSequence.h = ..\..\JuceLibraryCode\modules\juce_audio_basics\midi\juce_MidiMessageSequence.h
		..\..\JuceLibraryCode\modules\juce_audio_basics\midi\juce_MidiRPN.cpp = ..\..\JuceLibraryCode\modules\juce_audio_basics\midi\juce_MidiRPN.cpp
		..\..\JuceLibraryCode\modules\juce_audio_basics\midi\juce_MidiRPN.h = ..\..\JuceLibraryCode\modules\juce_audio_basics\midi\juce_MidiRPN.h
	EndProjectSection
EndProject
Project("{2150E333-8FDC-42A3-9474-1A3956D46DE8}") = "mpe", "mpe", "{42A6BDC7-7BE0-EBA7-7449-244611E7C050}"
	ProjectSection(SolutionItems) = preProject
		..\..\JuceLibraryCode\modules\juce_audio_basics\mpe\juce_MPEInstrument.cpp = ..\..\JuceLibraryCode\modules\juce_audio_basics\mpe\juce_MPEInstrument.cpp
		..\..\JuceLibraryCode\modules\juce_audio_basics\mpe\juce_MPEInstrument.h = ..\..\JuceLibraryCode\modules\juce_audio_basics\mpe\juce_MPEInstrument.h
		..\..\JuceLibraryCode\modules\juce_audio_basics\mpe\juce_MPEMessages.cpp = ..\..\JuceLibraryCode\modules\juce_audio_basics\mpe\juce_MPEMessages.cpp
		..\..\JuceLibraryCode\modules\juce_audio_basics\mpe\juce_MPEMessages.h = ..\..\JuceLibraryCode\modules\juce_audio_basics\mpe\juce_MPEMessages.h
		..\..\JuceLibraryCode\modules\juce_audio_basics\mpe\juce_MPENote.cpp = ..\..\JuceLibraryCode\modules\juce_audio_basics\mpe\juce_MPENote.cpp
		..\..\JuceLibraryCode\modules\juce_audio_basics\mpe\juce_MPENote.h = ..\..\JuceLibraryCode\modules\juce_audio_basics\mpe\juce_MPENote.h
		..\..\JuceLibraryCode\modules\juce_audio_basics\mpe\juce_MPESynthesiser.cpp = ..\..\JuceLibraryCode\modules\juce_audio_basics\mpe\juce_MPESynthesiser.cpp
		..\..\JuceLibraryCode\modules\juce_audio_basics\mpe\juce_MPESynthesiser.h = ..\..\JuceLibraryCode\modules\juce_audio_basics\mpe\juce_MPESynthesiser.h
		..\..\JuceLibraryCode\modules\juce_audio_basics\mpe\juce_MPESynthesiserBase.cpp = ..\..\JuceLibraryCode\modules\juce_audio_basics\mpe\juce_MPESynthesiserBase.cpp
		..\..\JuceLibraryCode\modules\juce_audio_basics\mpe\juce_MPESynthesiserBase.h = ..\..\JuceLibraryCode\modules\juce_audio_basics\mpe\juce_MPESynthesiserBase.h
		..\..\JuceLibraryCode\modules\juce_audio_basics\mpe\juce_MPESynthesiserVoice.cpp = ..\..\JuceLibraryCode\modules\juce_audio_basics\mpe\juce_MPESynthesiserVoice.cpp
		..\..\JuceLibraryCode\modules\juce_audio_basics\mpe\juce_MPESynthesiserVoice.h = ..\..\JuceLibraryCode\modules\juce_audio_basics\mpe\juce_MPESynthesiserVoice.h
		..\..\JuceLibraryCode\modules\juce_audio_basics\mpe\juce_MPEValue.cpp = ..\..\JuceLibraryCode\modules\juce_audio_basics\mpe\juce_MPEValue.cpp
		..\..\JuceLibraryCode\modules\juce_audio_basics\mpe\juce_MPEValue.h = ..\..\JuceLibraryCode\modules\juce_audio_basics\mpe\juce_MPEValue.h
		..\..\JuceLibraryCode\modules\juce_audio_basics\mpe\juce_MPEZone.cpp = ..\..\JuceLibraryCode\modules\juce_audio_basics\mpe\juce_MPEZone.cpp
		..\..\JuceLibraryCode\modules\juce_audio_basics\mpe\juce_MPEZone.h = ..\..\JuceLibraryCode\modules\juce_audio_basics\mpe\juce_MPEZone.h
		..\..\JuceLibraryCode\modules\juce_audio_basics\mpe\juce_MPEZoneLayout.cpp = ..\..\JuceLibraryCode\modules\juce_audio_basics\mpe\juce_MPEZoneLayout.cpp
		..\..\JuceLibraryCode\modules\juce_audio_basics\mpe\juce_MPEZoneLayout.h = ..\..\JuceLibraryCode\modules\juce_audio_basics\mpe\juce_MPEZoneLayout.h
	EndProjectSection
EndProject
Project("{2150E333-8FDC-42A3-9474-1A3956D46DE8}") = "sources", "sources", "{2C9328F7-BEDA-D0AD-8A77-25E2413F43B3}"
	ProjectSection(SolutionItems) = preProject
		..\..\JuceLibraryCode\modules\juce_audio_basics\sources\juce_AudioSource.h = ..\..\JuceLibraryCode\modules\juce_audio_basics\sources\juce_AudioSource.h
		..\..\JuceLibraryCode\modules\juce_audio_basics\sources\juce_BufferingAudioSource.cpp = ..\..\JuceLibraryCode\modules\juce_audio_basics\sources\juce_BufferingAudioSource.cpp
		..\..\JuceLibraryCode\modules\juce_audio_basics\sources\juce_BufferingAudioSource.h = ..\..\JuceLibraryCode\modules\juce_audio_basics\sources\juce_BufferingAudioSource.h
		..\..\JuceLibraryCode\modules\juce_audio_basics\sources\juce_ChannelRemappingAudioSource.cpp = ..\..\JuceLibraryCode\modules\juce_audio_basics\sources\juce_ChannelRemappingAudioSource.cpp
		..\..\JuceLibraryCode\modules\juce_audio_basics\sources\juce_ChannelRemappingAudioSource.h = ..\..\JuceLibraryCode\modules\juce_audio_basics\sources\juce_ChannelRemappingAudioSource.h
		..\..\JuceLibraryCode\modules\juce_audio_basics\sources\juce_IIRFilterAudioSource.cpp = ..\..\JuceLibraryCode\modules\juce_audio_basics\sources\juce_IIRFilterAudioSource.cpp
		..\..\JuceLibraryCode\modules\juce_audio_basics\sources\juce_IIRFilterAudioSource.h = ..\..\JuceLibraryCode\modules\juce_audio_basics\sources\juce_IIRFilterAudioSource.h
		..\..\JuceLibraryCode\modules\juce_audio_basics\sources\juce_MixerAudioSource.cpp = ..\..\JuceLibraryCode\modules\juce_audio_basics\sources\juce_MixerAudioSource.cpp
		..\..\JuceLibraryCode\modules\juce_audio_basics\sources\juce_MixerAudioSource.h = ..\..\JuceLibraryCode\modules\juce_audio_basics\sources\juce_MixerAudioSource.h
		..\..\JuceLibraryCode\modules\juce_audio_basics\sources\juce_PositionableAudioSource.h = ..\..\JuceLibraryCode\modules\juce_audio_basics\sources\juce_PositionableAudioSource.h
		..\..\JuceLibraryCode\modules\juce_audio_basics\sources\juce_ResamplingAudioSource.cpp = ..\..\JuceLibraryCode\modules\juce_audio_basics\sources\juce_ResamplingAudioSource.cpp
		..\..\JuceLibraryCode\modules\juce_audio_basics\sources\juce_ResamplingAudioSource.h = ..\..\JuceLibraryCode\modules\juce_audio_basics\sources\juce_ResamplingAudioSource.h
		..\..\JuceLibraryCode\modules\juce_audio_basics\sources\juce_ReverbAudioSource.cpp = ..\..\JuceLibraryCode\modules\juce_audio_basics\sources\juce_ReverbAudioSource.cpp
		..\..\JuceLibraryCode\modules\juce_audio_basics\sources\juce_ReverbAudioSource.h = ..\..\JuceLibraryCode\modules\juce_audio_basics\sources\juce_ReverbAudioSource.h
		..\..\JuceLibraryCode\modules\juce_audio_basics\sources\juce_ToneGeneratorAudioSource.cpp = ..\..\JuceLibraryCode\modules\juce_audio_basics\sources\juce_ToneGeneratorAudioSource.cpp
		..\..\JuceLibraryCode\modules\juce_audio_basics\sources\juce_ToneGeneratorAudioSource.h = ..\..\JuceLibraryCode\modules\juce_audio_basics\sources\juce_ToneGeneratorAudioSource.h
	EndProjectSection
EndProject
Project("{2150E333-8FDC-42A3-9474-1A3956D46DE8}") = "synthesisers", "synthesisers", "{42788118-A55A-13F2-0D75-9336034CC898}"
	ProjectSection(SolutionItems) = preProject
		..\..\JuceLibraryCode\modules\juce_audio_basics\synthesisers\juce_Synthesiser.cpp = ..\..\JuceLibraryCode\modules\juce_audio_basics\synthesisers\juce_Synthesiser.cpp
		..\..\JuceLibraryCode\modules\juce_audio_basics\synthesisers\juce_Synthesiser.h = ..\..\JuceLibraryCode\modules\juce_audio_basics\synthesisers\juce_Synthesiser.h
	EndProjectSection
EndProject
Project("{2150E333-8FDC-42A3-9474-1A3956D46DE8}") = "juce_audio_devices", "juce_audio_devices", "{9B424FDD-E818-734F-9A73-089DB94DAD0F}"
	ProjectSection(SolutionItems) = preProject
		..\..\JuceLibraryCode\modules\juce_audio_devices\juce_audio_devices.cpp = ..\..\JuceLibraryCode\modules\juce_audio_devices\juce_audio_devices.cpp
		..\..\JuceLibraryCode\modules\juce_audio_devices\juce_audio_devices.h = ..\..\JuceLibraryCode\modules\juce_audio_devices\juce_audio_devices.h
		..\..\JuceLibraryCode\modules\juce_audio_devices\juce_audio_devices.mm = ..\..\JuceLibraryCode\modules\juce_audio_devices\juce_audio_devices.mm
		..\..\..\..\JUCE\modules\juce_audio_devices\juce_audio_devices.h = ..\..\..\..\JUCE\modules\juce_audio_devices\juce_audio_devices.h
	EndProjectSection
EndProject
Project("{2150E333-8FDC-42A3-9474-1A3956D46DE8}") = "audio_io", "audio_io", "{2FB2505D-2839-6A28-8B43-608B6961375F}"
	ProjectSection(SolutionItems) = preProject
		..\..\JuceLibraryCode\modules\juce_audio_devices\audio_io\juce_AudioDeviceManager.cpp = ..\..\JuceLibraryCode\modules\juce_audio_devices\audio_io\juce_AudioDeviceManager.cpp
		..\..\JuceLibraryCode\modules\juce_audio_devices\audio_io\juce_AudioDeviceManager.h = ..\..\JuceLibraryCode\modules\juce_audio_devices\audio_io\juce_AudioDeviceManager.h
		..\..\JuceLibraryCode\modules\juce_audio_devices\audio_io\juce_AudioIODevice.cpp = ..\..\JuceLibraryCode\modules\juce_audio_devices\audio_io\juce_AudioIODevice.cpp
		..\..\JuceLibraryCode\modules\juce_audio_devices\audio_io\juce_AudioIODevice.h = ..\..\JuceLibraryCode\modules\juce_audio_devices\audio_io\juce_AudioIODevice.h
		..\..\JuceLibraryCode\modules\juce_audio_devices\audio_io\juce_AudioIODeviceType.cpp = ..\..\JuceLibraryCode\modules\juce_audio_devices\audio_io\juce_AudioIODeviceType.cpp
		..\..\JuceLibraryCode\modules\juce_audio_devices\audio_io\juce_AudioIODeviceType.h = ..\..\JuceLibraryCode\modules\juce_audio_devices\audio_io\juce_AudioIODeviceType.h
		..\..\JuceLibraryCode\modules\juce_audio_devices\audio_io\juce_SystemAudioVolume.h = ..\..\JuceLibraryCode\modules\juce_audio_devices\audio_io\juce_SystemAudioVolume.h
	EndProjectSection
EndProject
Project("{2150E333-8FDC-42A3-9474-1A3956D46DE8}") = "midi_io", "midi_io", "{3A38C056-9228-7750-758A-38C4DC501768}"
	ProjectSection(SolutionItems) = preProject
		..\..\JuceLibraryCode\modules\juce_audio_devices\midi_io\juce_MidiInput.h = ..\..\JuceLibraryCode\modules\juce_audio_devices\midi_io\juce_MidiInput.h
		..\..\JuceLibraryCode\modules\juce_audio_devices\midi_io\juce_MidiMessageCollector.cpp = ..\..\JuceLibraryCode\modules\juce_audio_devices\midi_io\juce_MidiMessageCollector.cpp
		..\..\JuceLibraryCode\modules\juce_audio_devices\midi_io\juce_MidiMessageCollector.h = ..\..\JuceLibraryCode\modules\juce_audio_devices\midi_io\juce_MidiMessageCollector.h
		..\..\JuceLibraryCode\modules\juce_audio_devices\midi_io\juce_MidiOutput.cpp = ..\..\JuceLibraryCode\modules\juce_audio_devices\midi_io\juce_MidiOutput.cpp
		..\..\JuceLibraryCode\modules\juce_audio_devices\midi_io\juce_MidiOutput.h = ..\..\JuceLibraryCode\modules\juce_audio_devices\midi_io\juce_MidiOutput.h
	EndProjectSection
EndProject
Project("{2150E333-8FDC-42A3-9474-1A3956D46DE8}") = "native", "native", "{F86FE87E-E9FA-0117-7B1D-9BD6F8AE7A2B}"
	ProjectSection(SolutionItems) = preProject
		..\..\JuceLibraryCode\modules\juce_audio_devices\native\juce_android_Audio.cpp = ..\..\JuceLibraryCode\modules\juce_audio_devices\native\juce_android_Audio.cpp
		..\..\JuceLibraryCode\modules\juce_audio_devices\native\juce_android_Midi.cpp = ..\..\JuceLibraryCode\modules\juce_audio_devices\native\juce_android_Midi.cpp
		..\..\JuceLibraryCode\modules\juce_audio_devices\native\juce_android_OpenSL.cpp = ..\..\JuceLibraryCode\modules\juce_audio_devices\native\juce_android_OpenSL.cpp
		..\..\JuceLibraryCode\modules\juce_audio_devices\native\juce_ios_Audio.cpp = ..\..\JuceLibraryCode\modules\juce_audio_devices\native\juce_ios_Audio.cpp
		..\..\JuceLibraryCode\modules\juce_audio_devices\native\juce_ios_Audio.h = ..\..\JuceLibraryCode\modules\juce_audio_devices\native\juce_ios_Audio.h
		..\..\JuceLibraryCode\modules\juce_audio_devices\native\juce_linux_ALSA.cpp = ..\..\JuceLibraryCode\modules\juce_audio_devices\native\juce_linux_ALSA.cpp
		..\..\JuceLibraryCode\modules\juce_audio_devices\native\juce_linux_JackAudio.cpp = ..\..\JuceLibraryCode\modules\juce_audio_devices\native\juce_linux_JackAudio.cpp
		..\..\JuceLibraryCode\modules\juce_audio_devices\native\juce_linux_Midi.cpp = ..\..\JuceLibraryCode\modules\juce_audio_devices\native\juce_linux_Midi.cpp
		..\..\JuceLibraryCode\modules\juce_audio_devices\native\juce_mac_CoreAudio.cpp = ..\..\JuceLibraryCode\modules\juce_audio_devices\native\juce_mac_CoreAudio.cpp
		..\..\JuceLibraryCode\modules\juce_audio_devices\native\juce_mac_CoreMidi.cpp = ..\..\JuceLibraryCode\modules\juce_audio_devices\native\juce_mac_CoreMidi.cpp
		..\..\JuceLibraryCode\modules\juce_audio_devices\native\juce_MidiDataConcatenator.h = ..\..\JuceLibraryCode\modules\juce_audio_devices\native\juce_MidiDataConcatenator.h
		..\..\JuceLibraryCode\modules\juce_audio_devices\native\juce_win32_ASIO.cpp = ..\..\JuceLibraryCode\modules\juce_audio_devices\native\juce_win32_ASIO.cpp
		..\..\JuceLibraryCode\modules\juce_audio_devices\native\juce_win32_DirectSound.cpp = ..\..\JuceLibraryCode\modules\juce_audio_devices\native\juce_win32_DirectSound.cpp
		..\..\JuceLibraryCode\modules\juce_audio_devices\native\juce_win32_Midi.cpp = ..\..\JuceLibraryCode\modules\juce_audio_devices\native\juce_win32_Midi.cpp
		..\..\JuceLibraryCode\modules\juce_audio_devices\native\juce_win32_WASAPI.cpp = ..\..\JuceLibraryCode\modules\juce_audio_devices\native\juce_win32_WASAPI.cpp
	EndProjectSection
EndProject
Project("{2150E333-8FDC-42A3-9474-1A3956D46DE8}") = "sources", "sources", "{AB4C4044-BD2A-AED7-B3B0-38C2624E2B03}"
	ProjectSection(SolutionItems) = preProject
		..\..\JuceLibraryCode\modules\juce_audio_devices\sources\juce_AudioSourcePlayer.cpp = ..\..\JuceLibraryCode\modules\juce_audio_devices\sources\juce_AudioSourcePlayer.cpp
		..\..\JuceLibraryCode\modules\juce_audio_devices\sources\juce_AudioSourcePlayer.h = ..\..\JuceLibraryCode\modules\juce_audio_devices\sources\juce_AudioSourcePlayer.h
		..\..\JuceLibraryCode\modules\juce_audio_devices\sources\juce_AudioTransportSource.cpp = ..\..\JuceLibraryCode\modules\juce_audio_devices\sources\juce_AudioTransportSource.cpp
		..\..\JuceLibraryCode\modules\juce_audio_devices\sources\juce_AudioTransportSource.h = ..\..\JuceLibraryCode\modules\juce_audio_devices\sources\juce_AudioTransportSource.h
	EndProjectSection
EndProject
Project("{2150E333-8FDC-42A3-9474-1A3956D46DE8}") = "juce_core", "juce_core", "{5C1FF221-EF7F-CCBD-1CED-454508D18369}"
	ProjectSection(SolutionItems) = preProject
		..\..\JuceLibraryCode\modules\juce_core\juce_core.cpp = ..\..\JuceLibraryCode\modules\juce_core\juce_core.cpp
		..\..\JuceLibraryCode\modules\juce_core\juce_core.h = ..\..\JuceLibraryCode\modules\juce_core\juce_core.h
		..\..\JuceLibraryCode\modules\juce_core\juce_core.mm = ..\..\JuceLibraryCode\modules\juce_core\juce_core.mm
		..\..\..\..\JUCE\modules\juce_core\juce_core.h = ..\..\..\..\JUCE\modules\juce_core\juce_core.h
	EndProjectSection
EndProject
Project("{2150E333-8FDC-42A3-9474-1A3956D46DE8}") = "containers", "containers", "{65518DFA-AA0E-33C8-3816-2792B73EE256}"
	ProjectSection(SolutionItems) = preProject
		..\..\JuceLibraryCode\modules\juce_core\containers\juce_AbstractFifo.cpp = ..\..\JuceLibraryCode\modules\juce_core\containers\juce_AbstractFifo.cpp
		..\..\JuceLibraryCode\modules\juce_core\containers\juce_AbstractFifo.h = ..\..\JuceLibraryCode\modules\juce_core\containers\juce_AbstractFifo.h
		..\..\JuceLibraryCode\modules\juce_core\containers\juce_Array.h = ..\..\JuceLibraryCode\modules\juce_core\containers\juce_Array.h
		..\..\JuceLibraryCode\modules\juce_core\containers\juce_ArrayAllocationBase.h = ..\..\JuceLibraryCode\modules\juce_core\containers\juce_ArrayAllocationBase.h
		..\..\JuceLibraryCode\modules\juce_core\containers\juce_DynamicObject.cpp = ..\..\JuceLibraryCode\modules\juce_core\containers\juce_DynamicObject.cpp
		..\..\JuceLibraryCode\modules\juce_core\containers\juce_DynamicObject.h = ..\..\JuceLibraryCode\modules\juce_core\containers\juce_DynamicObject.h
		..\..\JuceLibraryCode\modules\juce_core\containers\juce_ElementComparator.h = ..\..\JuceLibraryCode\modules\juce_core\containers\juce_ElementComparator.h
		..\..\JuceLibraryCode\modules\juce_core\containers\juce_HashMap.h = ..\..\JuceLibraryCode\modules\juce_core\containers\juce_HashMap.h
		..\..\JuceLibraryCode\modules\juce_core\containers\juce_LinkedListPointer.h = ..\..\JuceLibraryCode\modules\juce_core\containers\juce_LinkedListPointer.h
		..\..\JuceLibraryCode\modules\juce_core\containers\juce_ListenerList.cpp = ..\..\JuceLibraryCode\modules\juce_core\containers\juce_ListenerList.cpp
		..\..\JuceLibraryCode\modules\juce_core\containers\juce_ListenerList.h = ..\..\JuceLibraryCode\modules\juce_core\containers\juce_ListenerList.h
		..\..\JuceLibraryCode\modules\juce_core\containers\juce_NamedValueSet.cpp = ..\..\JuceLibraryCode\modules\juce_core\containers\juce_NamedValueSet.cpp
		..\..\JuceLibraryCode\modules\juce_core\containers\juce_NamedValueSet.h = ..\..\JuceLibraryCode\modules\juce_core\containers\juce_NamedValueSet.h
		..\..\JuceLibraryCode\modules\juce_core\containers\juce_OwnedArray.h = ..\..\JuceLibraryCode\modules\juce_core\containers\juce_OwnedArray.h
		..\..\JuceLibraryCode\modules\juce_core\containers\juce_PropertySet.cpp = ..\..\JuceLibraryCode\modules\juce_core\containers\juce_PropertySet.cpp
		..\..\JuceLibraryCode\modules\juce_core\containers\juce_PropertySet.h = ..\..\JuceLibraryCode\modules\juce_core\containers\juce_PropertySet.h
		..\..\JuceLibraryCode\modules\juce_core\containers\juce_ReferenceCountedArray.h = ..\..\JuceLibraryCode\modules\juce_core\containers\juce_ReferenceCountedArray.h
		..\..\JuceLibraryCode\modules\juce_core\containers\juce_ScopedValueSetter.h = ..\..\JuceLibraryCode\modules\juce_core\containers\juce_ScopedValueSetter.h
		..\..\JuceLibraryCode\modules\juce_core\containers\juce_SortedSet.h = ..\..\JuceLibraryCode\modules\juce_core\containers\juce_SortedSet.h
		..\..\JuceLibraryCode\modules\juce_core\containers\juce_SparseSet.h = ..\..\JuceLibraryCode\modules\juce_core\containers\juce_SparseSet.h
		..\..\JuceLibraryCode\modules\juce_core\containers\juce_Variant.cpp = ..\..\JuceLibraryCode\modules\juce_core\containers\juce_Variant.cpp
		..\..\JuceLibraryCode\modules\juce_core\containers\juce_Variant.h = ..\..\JuceLibraryCode\modules\juce_core\containers\juce_Variant.h
	EndProjectSection
EndProject
Project("{2150E333-8FDC-42A3-9474-1A3956D46DE8}") = "files", "files", "{A58B512B-E06C-F645-55DA-8C87A7FE568A}"
	ProjectSection(SolutionItems) = preProject
		..\..\JuceLibraryCode\modules\juce_core\files\juce_DirectoryIterator.cpp = ..\..\JuceLibraryCode\modules\juce_core\files\juce_DirectoryIterator.cpp
		..\..\JuceLibraryCode\modules\juce_core\files\juce_DirectoryIterator.h = ..\..\JuceLibraryCode\modules\juce_core\files\juce_DirectoryIterator.h
		..\..\JuceLibraryCode\modules\juce_core\files\juce_File.cpp = ..\..\JuceLibraryCode\modules\juce_core\files\juce_File.cpp
		..\..\JuceLibraryCode\modules\juce_core\files\juce_File.h = ..\..\JuceLibraryCode\modules\juce_core\files\juce_File.h
		..\..\JuceLibraryCode\modules\juce_core\files\juce_FileFilter.cpp = ..\..\JuceLibraryCode\modules\juce_core\files\juce_FileFilter.cpp
		..\..\JuceLibraryCode\modules\juce_core\files\juce_FileFilter.h = ..\..\JuceLibraryCode\modules\juce_core\files\juce_FileFilter.h
		..\..\JuceLibraryCode\modules\juce_core\files\juce_FileInputStream.cpp = ..\..\JuceLibraryCode\modules\juce_core\files\juce_FileInputStream.cpp
		..\..\JuceLibraryCode\modules\juce_core\files\juce_FileInputStream.h = ..\..\JuceLibraryCode\modules\juce_core\files\juce_FileInputStream.h
		..\..\JuceLibraryCode\modules\juce_core\files\juce_FileOutputStream.cpp = ..\..\JuceLibraryCode\modules\juce_core\files\juce_FileOutputStream.cpp
		..\..\JuceLibraryCode\modules\juce_core\files\juce_FileOutputStream.h = ..\..\JuceLibraryCode\modules\juce_core\files\juce_FileOutputStream.h
		..\..\JuceLibraryCode\modules\juce_core\files\juce_FileSearchPath.cpp = ..\..\JuceLibraryCode\modules\juce_core\files\juce_FileSearchPath.cpp
		..\..\JuceLibraryCode\modules\juce_core\files\juce_FileSearchPath.h = ..\..\JuceLibraryCode\modules\juce_core\files\juce_FileSearchPath.h
		..\..\JuceLibraryCode\modules\juce_core\files\juce_MemoryMappedFile.h = ..\..\JuceLibraryCode\modules\juce_core\files\juce_MemoryMappedFile.h
		..\..\JuceLibraryCode\modules\juce_core\files\juce_TemporaryFile.cpp = ..\..\JuceLibraryCode\modules\juce_core\files\juce_TemporaryFile.cpp
		..\..\JuceLibraryCode\modules\juce_core\files\juce_TemporaryFile.h = ..\..\JuceLibraryCode\modules\juce_core\files\juce_TemporaryFile.h
		..\..\JuceLibraryCode\modules\juce_core\files\juce_WildcardFileFilter.cpp = ..\..\JuceLibraryCode\modules\juce_core\files\juce_WildcardFileFilter.cpp
		..\..\JuceLibraryCode\modules\juce_core\files\juce_WildcardFileFilter.h = ..\..\JuceLibraryCode\modules\juce_core\files\juce_WildcardFileFilter.h
	EndProjectSection
EndProject
Project("{2150E333-8FDC-42A3-9474-1A3956D46DE8}") = "javascript", "javascript", "{F41628A6-1B4D-BAAE-BD31-8B298B25155E}"
	ProjectSection(SolutionItems) = preProject
		..\..\JuceLibraryCode\modules\juce_core\javascript\juce_Javascript.cpp = ..\..\JuceLibraryCode\modules\juce_core\javascript\juce_Javascript.cpp
		..\..\JuceLibraryCode\modules\juce_core\javascript\juce_Javascript.h = ..\..\JuceLibraryCode\modules\juce_core\javascript\juce_Javascript.h
		..\..\JuceLibraryCode\modules\juce_core\javascript\juce_JSON.cpp = ..\..\JuceLibraryCode\modules\juce_core\javascript\juce_JSON.cpp
		..\..\JuceLibraryCode\modules\juce_core\javascript\juce_JSON.h = ..\..\JuceLibraryCode\modules\juce_core\javascript\juce_JSON.h
	EndProjectSection
EndProject
Project("{2150E333-8FDC-42A3-9474-1A3956D46DE8}") = "logging", "logging", "{FAFBE04F-6764-E922-D991-54D4D908DBA5}"
	ProjectSection(SolutionItems) = preProject
		..\..\JuceLibraryCode\modules\juce_core\logging\juce_FileLogger.cpp = ..\..\JuceLibraryCode\modules\juce_core\logging\juce_FileLogger.cpp
		..\..\JuceLibraryCode\modules\juce_core\logging\juce_FileLogger.h = ..\..\JuceLibraryCode\modules\juce_core\logging\juce_FileLogger.h
		..\..\JuceLibraryCode\modules\juce_core\logging\juce_Logger.cpp = ..\..\JuceLibraryCode\modules\juce_core\logging\juce_Logger.cpp
		..\..\JuceLibraryCode\modules\juce_core\logging\juce_Logger.h = ..\..\JuceLibraryCode\modules\juce_core\logging\juce_Logger.h
	EndProjectSection
EndProject
Project("{2150E333-8FDC-42A3-9474-1A3956D46DE8}") = "maths", "maths", "{6AC5FD7B-2555-16E4-1EC8-1C85466A64FC}"
	ProjectSection(SolutionItems) = preProject
		..\..\JuceLibraryCode\modules\juce_core\maths\juce_BigInteger.cpp = ..\..\JuceLibraryCode\modules\juce_core\maths\juce_BigInteger.cpp
		..\..\JuceLibraryCode\modules\juce_core\maths\juce_BigInteger.h = ..\..\JuceLibraryCode\modules\juce_core\maths\juce_BigInteger.h
		..\..\JuceLibraryCode\modules\juce_core\maths\juce_Expression.cpp = ..\..\JuceLibraryCode\modules\juce_core\maths\juce_Expression.cpp
		..\..\JuceLibraryCode\modules\juce_core\maths\juce_Expression.h = ..\..\JuceLibraryCode\modules\juce_core\maths\juce_Expression.h
		..\..\JuceLibraryCode\modules\juce_core\maths\juce_MathsFunctions.h = ..\..\JuceLibraryCode\modules\juce_core\maths\juce_MathsFunctions.h
		..\..\JuceLibraryCode\modules\juce_core\maths\juce_NormalisableRange.h = ..\..\JuceLibraryCode\modules\juce_core\maths\juce_NormalisableRange.h
		..\..\JuceLibraryCode\modules\juce_core\maths\juce_Random.cpp = ..\..\JuceLibraryCode\modules\juce_core\maths\juce_Random.cpp
		..\..\JuceLibraryCode\modules\juce_core\maths\juce_Random.h = ..\..\JuceLibraryCode\modules\juce_core\maths\juce_Random.h
		..\..\JuceLibraryCode\modules\juce_core\maths\juce_Range.h = ..\..\JuceLibraryCode\modules\juce_core\maths\juce_Range.h
		..\..\JuceLibraryCode\modules\juce_core\maths\juce_StatisticsAccumulator.h = ..\..\JuceLibraryCode\modules\juce_core\maths\juce_StatisticsAccumulator.h
	EndProjectSection
EndProject
Project("{2150E333-8FDC-42A3-9474-1A3956D46DE8}") = "memory", "memory", "{A8246D49-1273-98A4-3640-F5673DEE9250}"
	ProjectSection(SolutionItems) = preProject
		..\..\JuceLibraryCode\modules\juce_core\memory\juce_Atomic.h = ..\..\JuceLibraryCode\modules\juce_core\memory\juce_Atomic.h
		..\..\JuceLibraryCode\modules\juce_core\memory\juce_ByteOrder.h = ..\..\JuceLibraryCode\modules\juce_core\memory\juce_ByteOrder.h
		..\..\JuceLibraryCode\modules\juce_core\memory\juce_ContainerDeletePolicy.h = ..\..\JuceLibraryCode\modules\juce_core\memory\juce_ContainerDeletePolicy.h
		..\..\JuceLibraryCode\modules\juce_core\memory\juce_HeapBlock.h = ..\..\JuceLibraryCode\modules\juce_core\memory\juce_HeapBlock.h
		..\..\JuceLibraryCode\modules\juce_core\memory\juce_LeakedObjectDetector.h = ..\..\JuceLibraryCode\modules\juce_core\memory\juce_LeakedObjectDetector.h
		..\..\JuceLibraryCode\modules\juce_core\memory\juce_Memory.h = ..\..\JuceLibraryCode\modules\juce_core\memory\juce_Memory.h
		..\..\JuceLibraryCode\modules\juce_core\memory\juce_MemoryBlock.cpp = ..\..\JuceLibraryCode\modules\juce_core\memory\juce_MemoryBlock.cpp
		..\..\JuceLibraryCode\modules\juce_core\memory\juce_MemoryBlock.h = ..\..\JuceLibraryCode\modules\juce_core\memory\juce_MemoryBlock.h
		..\..\JuceLibraryCode\modules\juce_core\memory\juce_OptionalScopedPointer.h = ..\..\JuceLibraryCode\modules\juce_core\memory\juce_OptionalScopedPointer.h
		..\..\JuceLibraryCode\modules\juce_core\memory\juce_ReferenceCountedObject.h = ..\..\JuceLibraryCode\modules\juce_core\memory\juce_ReferenceCountedObject.h
		..\..\JuceLibraryCode\modules\juce_core\memory\juce_ScopedPointer.h = ..\..\JuceLibraryCode\modules\juce_core\memory\juce_ScopedPointer.h
		..\..\JuceLibraryCode\modules\juce_core\memory\juce_SharedResourcePointer.h = ..\..\JuceLibraryCode\modules\juce_core\memory\juce_SharedResourcePointer.h
		..\..\JuceLibraryCode\modules\juce_core\memory\juce_Singleton.h = ..\..\JuceLibraryCode\modules\juce_core\memory\juce_Singleton.h
		..\..\JuceLibraryCode\modules\juce_core\memory\juce_WeakReference.h = ..\..\JuceLibraryCode\modules\juce_core\memory\juce_WeakReference.h
	EndProjectSection
EndProject
Project("{2150E333-8FDC-42A3-9474-1A3956D46DE8}") = "misc", "misc", "{228DF378-DF6F-D561-0542-4A1E34678E20}"
	ProjectSection(SolutionItems) = preProject
		..\..\JuceLibraryCode\modules\juce_core\misc\juce_Result.cpp = ..\..\JuceLibraryCode\modules\juce_core\misc\juce_Result.cpp
		..\..\JuceLibraryCode\modules\juce_core\misc\juce_Result.h = ..\..\JuceLibraryCode\modules\juce_core\misc\juce_Result.h
		..\..\JuceLibraryCode\modules\juce_core\misc\juce_RuntimePermissions.cpp = ..\..\JuceLibraryCode\modules\juce_core\misc\juce_RuntimePermissions.cpp
		..\..\JuceLibraryCode\modules\juce_core\misc\juce_RuntimePermissions.h = ..\..\JuceLibraryCode\modules\juce_core\misc\juce_RuntimePermissions.h
		..\..\JuceLibraryCode\modules\juce_core\misc\juce_Uuid.cpp = ..\..\JuceLibraryCode\modules\juce_core\misc\juce_Uuid.cpp
		..\..\JuceLibraryCode\modules\juce_core\misc\juce_Uuid.h = ..\..\JuceLibraryCode\modules\juce_core\misc\juce_Uuid.h
		..\..\JuceLibraryCode\modules\juce_core\misc\juce_WindowsRegistry.h = ..\..\JuceLibraryCode\modules\juce_core\misc\juce_WindowsRegistry.h
	EndProjectSection
EndProject
Project("{2150E333-8FDC-42A3-9474-1A3956D46DE8}") = "native", "native", "{02D924C5-4027-A20C-112B-E5305C57BF91}"
	ProjectSection(SolutionItems) = preProject
		..\..\JuceLibraryCode\modules\juce_core\native\juce_android_Files.cpp = ..\..\JuceLibraryCode\modules\juce_core\native\juce_android_Files.cpp
		..\..\JuceLibraryCode\modules\juce_core\native\juce_android_JNIHelpers.h = ..\..\JuceLibraryCode\modules\juce_core\native\juce_android_JNIHelpers.h
		..\..\JuceLibraryCode\modules\juce_core\native\juce_android_Misc.cpp = ..\..\JuceLibraryCode\modules\juce_core\native\juce_android_Misc.cpp
		..\..\JuceLibraryCode\modules\juce_core\native\juce_android_Network.cpp = ..\..\JuceLibraryCode\modules\juce_core\native\juce_android_Network.cpp
		..\..\JuceLibraryCode\modules\juce_core\native\juce_android_RuntimePermissions.cpp = ..\..\JuceLibraryCode\modules\juce_core\native\juce_android_RuntimePermissions.cpp
		..\..\JuceLibraryCode\modules\juce_core\native\juce_android_SystemStats.cpp = ..\..\JuceLibraryCode\modules\juce_core\native\juce_android_SystemStats.cpp
		..\..\JuceLibraryCode\modules\juce_core\native\juce_android_Threads.cpp = ..\..\JuceLibraryCode\modules\juce_core\native\juce_android_Threads.cpp
		..\..\JuceLibraryCode\modules\juce_core\native\juce_BasicNativeHeaders.h = ..\..\JuceLibraryCode\modules\juce_core\native\juce_BasicNativeHeaders.h
		..\..\JuceLibraryCode\modules\juce_core\native\juce_curl_Network.cpp = ..\..\JuceLibraryCode\modules\juce_core\native\juce_curl_Network.cpp
		..\..\JuceLibraryCode\modules\juce_core\native\juce_linux_CommonFile.cpp = ..\..\JuceLibraryCode\modules\juce_core\native\juce_linux_CommonFile.cpp
		..\..\JuceLibraryCode\modules\juce_core\native\juce_linux_Files.cpp = ..\..\JuceLibraryCode\modules\juce_core\native\juce_linux_Files.cpp
		..\..\JuceLibraryCode\modules\juce_core\native\juce_linux_Network.cpp = ..\..\JuceLibraryCode\modules\juce_core\native\juce_linux_Network.cpp
		..\..\JuceLibraryCode\modules\juce_core\native\juce_linux_SystemStats.cpp = ..\..\JuceLibraryCode\modules\juce_core\native\juce_linux_SystemStats.cpp
		..\..\JuceLibraryCode\modules\juce_core\native\juce_linux_Threads.cpp = ..\..\JuceLibraryCode\modules\juce_core\native\juce_linux_Threads.cpp
		..\..\JuceLibraryCode\modules\juce_core\native\juce_mac_ClangBugWorkaround.h = ..\..\JuceLibraryCode\modules\juce_core\native\juce_mac_ClangBugWorkaround.h
		..\..\JuceLibraryCode\modules\juce_core\native\juce_mac_Files.mm = ..\..\JuceLibraryCode\modules\juce_core\native\juce_mac_Files.mm
		..\..\JuceLibraryCode\modules\juce_core\native\juce_mac_Network.mm = ..\..\JuceLibraryCode\modules\juce_core\native\juce_mac_Network.mm
		..\..\JuceLibraryCode\modules\juce_core\native\juce_mac_Strings.mm = ..\..\JuceLibraryCode\modules\juce_core\native\juce_mac_Strings.mm
		..\..\JuceLibraryCode\modules\juce_core\native\juce_mac_SystemStats.mm = ..\..\JuceLibraryCode\modules\juce_core\native\juce_mac_SystemStats.mm
		..\..\JuceLibraryCode\modules\juce_core\native\juce_mac_Threads.mm = ..\..\JuceLibraryCode\modules\juce_core\native\juce_mac_Threads.mm
		..\..\JuceLibraryCode\modules\juce_core\native\juce_osx_ObjCHelpers.h = ..\..\JuceLibraryCode\modules\juce_core\native\juce_osx_ObjCHelpers.h
		..\..\JuceLibraryCode\modules\juce_core\native\juce_posix_NamedPipe.cpp = ..\..\JuceLibraryCode\modules\juce_core\native\juce_posix_NamedPipe.cpp
		..\..\JuceLibraryCode\modules\juce_core\native\juce_posix_SharedCode.h = ..\..\JuceLibraryCode\modules\juce_core\native\juce_posix_SharedCode.h
		..\..\JuceLibraryCode\modules\juce_core\native\juce_win32_ComSmartPtr.h = ..\..\JuceLibraryCode\modules\juce_core\native\juce_win32_ComSmartPtr.h
		..\..\JuceLibraryCode\modules\juce_core\native\juce_win32_Files.cpp = ..\..\JuceLibraryCode\modules\juce_core\native\juce_win32_Files.cpp
		..\..\JuceLibraryCode\modules\juce_core\native\juce_win32_Network.cpp = ..\..\JuceLibraryCode\modules\juce_core\native\juce_win32_Network.cpp
		..\..\JuceLibraryCode\modules\juce_core\native\juce_win32_Registry.cpp = ..\..\JuceLibraryCode\modules\juce_core\native\juce_win32_Registry.cpp
		..\..\JuceLibraryCode\modules\juce_core\native\juce_win32_SystemStats.cpp = ..\..\JuceLibraryCode\modules\juce_core\native\juce_win32_SystemStats.cpp
		..\..\JuceLibraryCode\modules\juce_core\native\juce_win32_Threads.cpp = ..\..\JuceLibraryCode\modules\juce_core\native\juce_win32_Threads.cpp
	EndProjectSection
EndProject
Project("{2150E333-8FDC-42A3-9474-1A3956D46DE8}") = "network", "network", "{BFF70AFC-81A2-7995-594E-665B0B44488C}"
	ProjectSection(SolutionItems) = preProject
		..\..\JuceLibraryCode\modules\juce_core\network\juce_IPAddress.cpp = ..\..\JuceLibraryCode\modules\juce_core\network\juce_IPAddress.cpp
		..\..\JuceLibraryCode\modules\juce_core\network\juce_IPAddress.h = ..\..\JuceLibraryCode\modules\juce_core\network\juce_IPAddress.h
		..\..\JuceLibraryCode\modules\juce_core\network\juce_MACAddress.cpp = ..\..\JuceLibraryCode\modules\juce_core\network\juce_MACAddress.cpp
		..\..\JuceLibraryCode\modules\juce_core\network\juce_MACAddress.h = ..\..\JuceLibraryCode\modules\juce_core\network\juce_MACAddress.h
		..\..\JuceLibraryCode\modules\juce_core\network\juce_NamedPipe.cpp = ..\..\JuceLibraryCode\modules\juce_core\network\juce_NamedPipe.cpp
		..\..\JuceLibraryCode\modules\juce_core\network\juce_NamedPipe.h = ..\..\JuceLibraryCode\modules\juce_core\network\juce_NamedPipe.h
		..\..\JuceLibraryCode\modules\juce_core\network\juce_Socket.cpp = ..\..\JuceLibraryCode\modules\juce_core\network\juce_Socket.cpp
		..\..\JuceLibraryCode\modules\juce_core\network\juce_Socket.h = ..\..\JuceLibraryCode\modules\juce_core\network\juce_Socket.h
		..\..\JuceLibraryCode\modules\juce_core\network\juce_URL.cpp = ..\..\JuceLibraryCode\modules\juce_core\network\juce_URL.cpp
		..\..\JuceLibraryCode\modules\juce_core\network\juce_URL.h = ..\..\JuceLibraryCode\modules\juce_core\network\juce_URL.h
		..\..\JuceLibraryCode\modules\juce_core\network\juce_WebInputStream.cpp = ..\..\JuceLibraryCode\modules\juce_core\network\juce_WebInputStream.cpp
		..\..\JuceLibraryCode\modules\juce_core\network\juce_WebInputStream.h = ..\..\JuceLibraryCode\modules\juce_core\network\juce_WebInputStream.h
	EndProjectSection
EndProject
Project("{2150E333-8FDC-42A3-9474-1A3956D46DE8}") = "streams", "streams", "{B792300F-6FF9-8505-6817-4DB46F56EDF3}"
	ProjectSection(SolutionItems) = preProject
		..\..\JuceLibraryCode\modules\juce_core\streams\juce_BufferedInputStream.cpp = ..\..\JuceLibraryCode\modules\juce_core\streams\juce_BufferedInputStream.cpp
		..\..\JuceLibraryCode\modules\juce_core\streams\juce_BufferedInputStream.h = ..\..\JuceLibraryCode\modules\juce_core\streams\juce_BufferedInputStream.h
		..\..\JuceLibraryCode\modules\juce_core\streams\juce_FileInputSource.cpp = ..\..\JuceLibraryCode\modules\juce_core\streams\juce_FileInputSource.cpp
		..\..\JuceLibraryCode\modules\juce_core\streams\juce_FileInputSource.h = ..\..\JuceLibraryCode\modules\juce_core\streams\juce_FileInputSource.h
		..\..\JuceLibraryCode\modules\juce_core\streams\juce_InputSource.h = ..\..\JuceLibraryCode\modules\juce_core\streams\juce_InputSource.h
		..\..\JuceLibraryCode\modules\juce_core\streams\juce_InputStream.cpp = ..\..\JuceLibraryCode\modules\juce_core\streams\juce_InputStream.cpp
		..\..\JuceLibraryCode\modules\juce_core\streams\juce_InputStream.h = ..\..\JuceLibraryCode\modules\juce_core\streams\juce_InputStream.h
		..\..\JuceLibraryCode\modules\juce_core\streams\juce_MemoryInputStream.cpp = ..\..\JuceLibraryCode\modules\juce_core\streams\juce_MemoryInputStream.cpp
		..\..\JuceLibraryCode\modules\juce_core\streams\juce_MemoryInputStream.h = ..\..\JuceLibraryCode\modules\juce_core\streams\juce_MemoryInputStream.h
		..\..\JuceLibraryCode\modules\juce_core\streams\juce_MemoryOutputStream.cpp = ..\..\JuceLibraryCode\modules\juce_core\streams\juce_MemoryOutputStream.cpp
		..\..\JuceLibraryCode\modules\juce_core\streams\juce_MemoryOutputStream.h = ..\..\JuceLibraryCode\modules\juce_core\streams\juce_MemoryOutputStream.h
		..\..\JuceLibraryCode\modules\juce_core\streams\juce_OutputStream.cpp = ..\..\JuceLibraryCode\modules\juce_core\streams\juce_OutputStream.cpp
		..\..\JuceLibraryCode\modules\juce_core\streams\juce_OutputStream.h = ..\..\JuceLibraryCode\modules\juce_core\streams\juce_OutputStream.h
		..\..\JuceLibraryCode\modules\juce_core\streams\juce_SubregionStream.cpp = ..\..\JuceLibraryCode\modules\juce_core\streams\juce_SubregionStream.cpp
		..\..\JuceLibraryCode\modules\juce_core\streams\juce_SubregionStream.h = ..\..\JuceLibraryCode\modules\juce_core\streams\juce_SubregionStream.h
	EndProjectSection
EndProject
Project("{2150E333-8FDC-42A3-9474-1A3956D46DE8}") = "system", "system", "{B1A7B527-3B6C-7043-1621-3B6EDDD1CF83}"
	ProjectSection(SolutionItems) = preProject
		..\..\JuceLibraryCode\modules\juce_core\system\juce_CompilerSupport.h = ..\..\JuceLibraryCode\modules\juce_core\system\juce_CompilerSupport.h
		..\..\JuceLibraryCode\modules\juce_core\system\juce_PlatformDefs.h = ..\..\JuceLibraryCode\modules\juce_core\system\juce_PlatformDefs.h
		..\..\JuceLibraryCode\modules\juce_core\system\juce_StandardHeader.h = ..\..\JuceLibraryCode\modules\juce_core\system\juce_StandardHeader.h
		..\..\JuceLibraryCode\modules\juce_core\system\juce_SystemStats.cpp = ..\..\JuceLibraryCode\modules\juce_core\system\juce_SystemStats.cpp
		..\..\JuceLibraryCode\modules\juce_core\system\juce_SystemStats.h = ..\..\JuceLibraryCode\modules\juce_core\system\juce_SystemStats.h
		..\..\JuceLibraryCode\modules\juce_core\system\juce_TargetPlatform.h = ..\..\JuceLibraryCode\modules\juce_core\system\juce_TargetPlatform.h
	EndProjectSection
EndProject
Project("{2150E333-8FDC-42A3-9474-1A3956D46DE8}") = "text", "text", "{D3A3219A-8BB2-17B3-667F-1C8B45591886}"
	ProjectSection(SolutionItems) = preProject
		..\..\JuceLibraryCode\modules\juce_core\text\juce_Base64.cpp = ..\..\JuceLibraryCode\modules\juce_core\text\juce_Base64.cpp
		..\..\JuceLibraryCode\modules\juce_core\text\juce_Base64.h = ..\..\JuceLibraryCode\modules\juce_core\text\juce_Base64.h
		..\..\JuceLibraryCode\modules\juce_core\text\juce_CharacterFunctions.cpp = ..\..\JuceLibraryCode\modules\juce_core\text\juce_CharacterFunctions.cpp
		..\..\JuceLibraryCode\modules\juce_core\text\juce_CharacterFunctions.h = ..\..\JuceLibraryCode\modules\juce_core\text\juce_CharacterFunctions.h
		..\..\JuceLibraryCode\modules\juce_core\text\juce_CharPointer_ASCII.h = ..\..\JuceLibraryCode\modules\juce_core\text\juce_CharPointer_ASCII.h
		..\..\JuceLibraryCode\modules\juce_core\text\juce_CharPointer_UTF8.h = ..\..\JuceLibraryCode\modules\juce_core\text\juce_CharPointer_UTF8.h
		..\..\JuceLibraryCode\modules\juce_core\text\juce_CharPointer_UTF16.h = ..\..\JuceLibraryCode\modules\juce_core\text\juce_CharPointer_UTF16.h
		..\..\JuceLibraryCode\modules\juce_core\text\juce_CharPointer_UTF32.h = ..\..\JuceLibraryCode\modules\juce_core\text\juce_CharPointer_UTF32.h
		..\..\JuceLibraryCode\modules\juce_core\text\juce_Identifier.cpp = ..\..\JuceLibraryCode\modules\juce_core\text\juce_Identifier.cpp
		..\..\JuceLibraryCode\modules\juce_core\text\juce_Identifier.h = ..\..\JuceLibraryCode\modules\juce_core\text\juce_Identifier.h
		..\..\JuceLibraryCode\modules\juce_core\text\juce_LocalisedStrings.cpp = ..\..\JuceLibraryCode\modules\juce_core\text\juce_LocalisedStrings.cpp
		..\..\JuceLibraryCode\modules\juce_core\text\juce_LocalisedStrings.h = ..\..\JuceLibraryCode\modules\juce_core\text\juce_LocalisedStrings.h
		..\..\JuceLibraryCode\modules\juce_core\text\juce_NewLine.h = ..\..\JuceLibraryCode\modules\juce_core\text\juce_NewLine.h
		..\..\JuceLibraryCode\modules\juce_core\text\juce_String.cpp = ..\..\JuceLibraryCode\modules\juce_core\text\juce_String.cpp
		..\..\JuceLibraryCode\modules\juce_core\text\juce_String.h = ..\..\JuceLibraryCode\modules\juce_core\text\juce_String.h
		..\..\JuceLibraryCode\modules\juce_core\text\juce_StringArray.cpp = ..\..\JuceLibraryCode\modules\juce_core\text\juce_StringArray.cpp
		..\..\JuceLibraryCode\modules\juce_core\text\juce_StringArray.h = ..\..\JuceLibraryCode\modules\juce_core\text\juce_StringArray.h
		..\..\JuceLibraryCode\modules\juce_core\text\juce_StringPairArray.cpp = ..\..\JuceLibraryCode\modules\juce_core\text\juce_StringPairArray.cpp
		..\..\JuceLibraryCode\modules\juce_core\text\juce_StringPairArray.h = ..\..\JuceLibraryCode\modules\juce_core\text\juce_StringPairArray.h
		..\..\JuceLibraryCode\modules\juce_core\text\juce_StringPool.cpp = ..\..\JuceLibraryCode\modules\juce_core\text\juce_StringPool.cpp
		..\..\JuceLibraryCode\modules\juce_core\text\juce_StringPool.h = ..\..\JuceLibraryCode\modules\juce_core\text\juce_StringPool.h
		..\..\JuceLibraryCode\modules\juce_core\text\juce_StringRef.h = ..\..\JuceLibraryCode\modules\juce_core\text\juce_StringRef.h
		..\..\JuceLibraryCode\modules\juce_core\text\juce_TextDiff.cpp = ..\..\JuceLibraryCode\modules\juce_core\text\juce_TextDiff.cpp
		..\..\JuceLibraryCode\modules\juce_core\text\juce_TextDiff.h = ..\..\JuceLibraryCode\modules\juce_core\text\juce_TextDiff.h
	EndProjectSection
EndProject
Project("{2150E333-8FDC-42A3-9474-1A3956D46DE8}") = "threads", "threads", "{0B977787-6585-4F16-AE12-80D41FA45EE1}"
	ProjectSection(SolutionItems) = preProject
		..\..\JuceLibraryCode\modules\juce_core\threads\juce_ChildProcess.cpp = ..\..\JuceLibraryCode\modules\juce_core\threads\juce_ChildProcess.cpp
		..\..\JuceLibraryCode\modules\juce_core\threads\juce_ChildProcess.h = ..\..\JuceLibraryCode\modules\juce_core\threads\juce_ChildProcess.h
		..\..\JuceLibraryCode\modules\juce_core\threads\juce_CriticalSection.h = ..\..\JuceLibraryCode\modules\juce_core\threads\juce_CriticalSection.h
		..\..\JuceLibraryCode\modules\juce_core\threads\juce_DynamicLibrary.h = ..\..\JuceLibraryCode\modules\juce_core\threads\juce_DynamicLibrary.h
		..\..\JuceLibraryCode\modules\juce_core\threads\juce_HighResolutionTimer.cpp = ..\..\JuceLibraryCode\modules\juce_core\threads\juce_HighResolutionTimer.cpp
		..\..\JuceLibraryCode\modules\juce_core\threads\juce_HighResolutionTimer.h = ..\..\JuceLibraryCode\modules\juce_core\threads\juce_HighResolutionTimer.h
		..\..\JuceLibraryCode\modules\juce_core\threads\juce_InterProcessLock.h = ..\..\JuceLibraryCode\modules\juce_core\threads\juce_InterProcessLock.h
		..\..\JuceLibraryCode\modules\juce_core\threads\juce_Process.h = ..\..\JuceLibraryCode\modules\juce_core\threads\juce_Process.h
		..\..\JuceLibraryCode\modules\juce_core\threads\juce_ReadWriteLock.cpp = ..\..\JuceLibraryCode\modules\juce_core\threads\juce_ReadWriteLock.cpp
		..\..\JuceLibraryCode\modules\juce_core\threads\juce_ReadWriteLock.h = ..\..\JuceLibraryCode\modules\juce_core\threads\juce_ReadWriteLock.h
		..\..\JuceLibraryCode\modules\juce_core\threads\juce_ScopedLock.h = ..\..\JuceLibraryCode\modules\juce_core\threads\juce_ScopedLock.h
		..\..\JuceLibraryCode\modules\juce_core\threads\juce_ScopedReadLock.h = ..\..\JuceLibraryCode\modules\juce_core\threads\juce_ScopedReadLock.h
		..\..\JuceLibraryCode\modules\juce_core\threads\juce_ScopedWriteLock.h = ..\..\JuceLibraryCode\modules\juce_core\threads\juce_ScopedWriteLock.h
		..\..\JuceLibraryCode\modules\juce_core\threads\juce_SpinLock.h = ..\..\JuceLibraryCode\modules\juce_core\threads\juce_SpinLock.h
		..\..\JuceLibraryCode\modules\juce_core\threads\juce_Thread.cpp = ..\..\JuceLibraryCode\modules\juce_core\threads\juce_Thread.cpp
		..\..\JuceLibraryCode\modules\juce_core\threads\juce_Thread.h = ..\..\JuceLibraryCode\modules\juce_core\threads\juce_Thread.h
		..\..\JuceLibraryCode\modules\juce_core\threads\juce_ThreadLocalValue.h = ..\..\JuceLibraryCode\modules\juce_core\threads\juce_ThreadLocalValue.h
		..\..\JuceLibraryCode\modules\juce_core\threads\juce_ThreadPool.cpp = ..\..\JuceLibraryCode\modules\juce_core\threads\juce_ThreadPool.cpp
		..\..\JuceLibraryCode\modules\juce_core\threads\juce_ThreadPool.h = ..\..\JuceLibraryCode\modules\juce_core\threads\juce_ThreadPool.h
		..\..\JuceLibraryCode\modules\juce_core\threads\juce_TimeSliceThread.cpp = ..\..\JuceLibraryCode\modules\juce_core\threads\juce_TimeSliceThread.cpp
		..\..\JuceLibraryCode\modules\juce_core\threads\juce_TimeSliceThread.h = ..\..\JuceLibraryCode\modules\juce_core\threads\juce_TimeSliceThread.h
		..\..\JuceLibraryCode\modules\juce_core\threads\juce_WaitableEvent.h = ..\..\JuceLibraryCode\modules\juce_core\threads\juce_WaitableEvent.h
	EndProjectSection
EndProject
Project("{2150E333-8FDC-42A3-9474-1A3956D46DE8}") = "time", "time", "{B00B716D-4253-9A7E-3BD7-27AF9469D1E6}"
	ProjectSection(SolutionItems) = preProject
		..\..\JuceLibraryCode\modules\juce_core\time\juce_PerformanceCounter.cpp = ..\..\JuceLibraryCode\modules\juce_core\time\juce_PerformanceCounter.cpp
		..\..\JuceLibraryCode\modules\juce_core\time\juce_PerformanceCounter.h = ..\..\JuceLibraryCode\modules\juce_core\time\juce_PerformanceCounter.h
		..\..\JuceLibraryCode\modules\juce_core\time\juce_RelativeTime.cpp = ..\..\JuceLibraryCode\modules\juce_core\time\juce_RelativeTime.cpp
		..\..\JuceLibraryCode\modules\juce_core\time\juce_RelativeTime.h = ..\..\JuceLibraryCode\modules\juce_core\time\juce_RelativeTime.h
		..\..\JuceLibraryCode\modules\juce_core\time\juce_Time.cpp = ..\..\JuceLibraryCode\modules\juce_core\time\juce_Time.cpp
		..\..\JuceLibraryCode\modules\juce_core\time\juce_Time.h = ..\..\JuceLibraryCode\modules\juce_core\time\juce_Time.h
	EndProjectSection
EndProject
Project("{2150E333-8FDC-42A3-9474-1A3956D46DE8}") = "unit_tests", "unit_tests", "{E2A357EF-C157-ED08-1979-0CCF55091353}"
	ProjectSection(SolutionItems) = preProject
		..\..\JuceLibraryCode\modules\juce_core\unit_tests\juce_UnitTest.cpp = ..\..\JuceLibraryCode\modules\juce_core\unit_tests\juce_UnitTest.cpp
		..\..\JuceLibraryCode\modules\juce_core\unit_tests\juce_UnitTest.h = ..\..\JuceLibraryCode\modules\juce_core\unit_tests\juce_UnitTest.h
	EndProjectSection
EndProject
Project("{2150E333-8FDC-42A3-9474-1A3956D46DE8}") = "xml", "xml", "{E843862A-9401-9721-AA93-D8991E9A6E27}"
	ProjectSection(SolutionItems) = preProject
		..\..\JuceLibraryCode\modules\juce_core\xml\juce_XmlDocument.cpp = ..\..\JuceLibraryCode\modules\juce_core\xml\juce_XmlDocument.cpp
		..\..\JuceLibraryCode\modules\juce_core\xml\juce_XmlDocument.h = ..\..\JuceLibraryCode\modules\juce_core\xml\juce_XmlDocument.h
		..\..\JuceLibraryCode\modules\juce_core\xml\juce_XmlElement.cpp = ..\..\JuceLibraryCode\modules\juce_core\xml\juce_XmlElement.cpp
		..\..\JuceLibraryCode\modules\juce_core\xml\juce_XmlElement.h = ..\..\JuceLibraryCode\modules\juce_core\xml\juce_XmlElement.h
	EndProjectSection
EndProject
Project("{2150E333-8FDC-42A3-9474-1A3956D46DE8}") = "zip", "zip", "{F2168155-D168-B526-81BE-D83B4B91C24A}"
	ProjectSection(SolutionItems) = preProject
		..\..\JuceLibraryCode\modules\juce_core\zip\juce_GZIPCompressorOutputStream.cpp = ..\..\JuceLibraryCode\modules\juce_core\zip\juce_GZIPCompressorOutputStream.cpp
		..\..\JuceLibraryCode\modules\juce_core\zip\juce_GZIPCompressorOutputStream.h = ..\..\JuceLibraryCode\modules\juce_core\zip\juce_GZIPCompressorOutputStream.h
		..\..\JuceLibraryCode\modules\juce_core\zip\juce_GZIPDecompressorInputStream.cpp = ..\..\JuceLibraryCode\modules\juce_core\zip\juce_GZIPDecompressorInputStream.cpp
		..\..\JuceLibraryCode\modules\juce_core\zip\juce_GZIPDecompressorInputStream.h = ..\..\JuceLibraryCode\modules\juce_core\zip\juce_GZIPDecompressorInputStream.h
		..\..\JuceLibraryCode\modules\juce_core\zip\juce_ZipFile.cpp = ..\..\JuceLibraryCode\modules\juce_core\zip\juce_ZipFile.cpp
		..\..\JuceLibraryCode\modules\juce_core\zip\juce_ZipFile.h = ..\..\JuceLibraryCode\modules\juce_core\zip\juce_ZipFile.h
	EndProjectSection
EndProject
Project("{2150E333-8FDC-42A3-9474-1A3956D46DE8}") = "zlib", "zlib", "{5CEAE3EF-C9AF-D573-4DFD-C50764137E87}"
	ProjectSection(SolutionItems) = preProject
		..\..\JuceLibraryCode\modules\juce_core\zip\zlib\adler32.c = ..\..\JuceLibraryCode\modules\juce_core\zip\zlib\adler32.c
		..\..\JuceLibraryCode\modules\juce_core\zip\zlib\compress.c = ..\..\JuceLibraryCode\modules\juce_core\zip\zlib\compress.c
		..\..\JuceLibraryCode\modules\juce_core\zip\zlib\crc32.c = ..\..\JuceLibraryCode\modules\juce_core\zip\zlib\crc32.c
		..\..\JuceLibraryCode\modules\juce_core\zip\zlib\crc32.h = ..\..\JuceLibraryCode\modules\juce_core\zip\zlib\crc32.h
		..\..\JuceLibraryCode\modules\juce_core\zip\zlib\deflate.c = ..\..\JuceLibraryCode\modules\juce_core\zip\zlib\deflate.c
		..\..\JuceLibraryCode\modules\juce_core\zip\zlib\deflate.h = ..\..\JuceLibraryCode\modules\juce_core\zip\zlib\deflate.h
		..\..\JuceLibraryCode\modules\juce_core\zip\zlib\infback.c = ..\..\JuceLibraryCode\modules\juce_core\zip\zlib\infback.c
		..\..\JuceLibraryCode\modules\juce_core\zip\zlib\inffast.c = ..\..\JuceLibraryCode\modules\juce_core\zip\zlib\inffast.c
		..\..\JuceLibraryCode\modules\juce_core\zip\zlib\inffast.h = ..\..\JuceLibraryCode\modules\juce_core\zip\zlib\inffast.h
		..\..\JuceLibraryCode\modules\juce_core\zip\zlib\inffixed.h = ..\..\JuceLibraryCode\modules\juce_core\zip\zlib\inffixed.h
		..\..\JuceLibraryCode\modules\juce_core\zip\zlib\inflate.c = ..\..\JuceLibraryCode\modules\juce_core\zip\zlib\inflate.c
		..\..\JuceLibraryCode\modules\juce_core\zip\zlib\inflate.h = ..\..\JuceLibraryCode\modules\juce_core\zip\zlib\inflate.h
		..\..\JuceLibraryCode\modules\juce_core\zip\zlib\inftrees.c = ..\..\JuceLibraryCode\modules\juce_core\zip\zlib\inftrees.c
		..\..\JuceLibraryCode\modules\juce_core\zip\zlib\inftrees.h = ..\..\JuceLibraryCode\modules\juce_core\zip\zlib\inftrees.h
		..\..\JuceLibraryCode\modules\juce_core\zip\zlib\trees.c = ..\..\JuceLibraryCode\modules\juce_core\zip\zlib\trees.c
		..\..\JuceLibraryCode\modules\juce_core\zip\zlib\trees.h = ..\..\JuceLibraryCode\modules\juce_core\zip\zlib\trees.h
		..\..\JuceLibraryCode\modules\juce_core\zip\zlib\uncompr.c = ..\..\JuceLibraryCode\modules\juce_core\zip\zlib\uncompr.c
		..\..\JuceLibraryCode\modules\juce_core\zip\zlib\zconf.h = ..\..\JuceLibraryCode\modules\juce_core\zip\zlib\zconf.h
		..\..\JuceLibraryCode\modules\juce_core\zip\zlib\zconf.in.h = ..\..\JuceLibraryCode\modules\juce_core\zip\zlib\zconf.in.h
		..\..\JuceLibraryCode\modules\juce_core\zip\zlib\zlib.h = ..\..\JuceLibraryCode\modules\juce_core\zip\zlib\zlib.h
		..\..\JuceLibraryCode\modules\juce_core\zip\zlib\zutil.c = ..\..\JuceLibraryCode\modules\juce_core\zip\zlib\zutil.c
		..\..\JuceLibraryCode\modules\juce_core\zip\zlib\zutil.h = ..\..\JuceLibraryCode\modules\juce_core\zip\zlib\zutil.h
	EndProjectSection
EndProject
Project("{2150E333-8FDC-42A3-9474-1A3956D46DE8}") = "juce_data_structures", "juce_data_structures", "{F637247F-DED6-3C77-BFE6-443CE9E617D9}"
	ProjectSection(SolutionItems) = preProject
		..\..\JuceLibraryCode\modules\juce_data_structures\juce_data_structures.cpp = ..\..\JuceLibraryCode\modules\juce_data_structures\juce_data_structures.cpp
		..\..\JuceLibraryCode\modules\juce_data_structures\juce_data_structures.h = ..\..\JuceLibraryCode\modules\juce_data_structures\juce_data_structures.h
		..\..\JuceLibraryCode\modules\juce_data_structures\juce_data_structures.mm = ..\..\JuceLibraryCode\modules\juce_data_structures\juce_data_structures.mm
		..\..\..\..\JUCE\modules\juce_data_structures\juce_data_structures.h = ..\..\..\..\JUCE\modules\juce_data_structures\juce_data_structures.h
	EndProjectSection
EndProject
Project("{2150E333-8FDC-42A3-9474-1A3956D46DE8}") = "app_properties", "app_properties", "{4A705E23-0141-66F3-2594-CD9A0BF44C32}"
	ProjectSection(SolutionItems) = preProject
		..\..\JuceLibraryCode\modules\juce_data_structures\app_properties\juce_ApplicationProperties.cpp = ..\..\JuceLibraryCode\modules\juce_data_structures\app_properties\juce_ApplicationProperties.cpp
		..\..\JuceLibraryCode\modules\juce_data_structures\app_properties\juce_ApplicationProperties.h = ..\..\JuceLibraryCode\modules\juce_data_structures\app_properties\juce_ApplicationProperties.h
		..\..\JuceLibraryCode\modules\juce_data_structures\app_properties\juce_PropertiesFile.cpp = ..\..\JuceLibraryCode\modules\juce_data_structures\app_properties\juce_PropertiesFile.cpp
		..\..\JuceLibraryCode\modules\juce_data_structures\app_properties\juce_PropertiesFile.h = ..\..\JuceLibraryCode\modules\juce_data_structures\app_properties\juce_PropertiesFile.h
	EndProjectSection
EndProject
Project("{2150E333-8FDC-42A3-9474-1A3956D46DE8}") = "undomanager", "undomanager", "{A4B83D1B-4E23-17E7-3AEA-B45FBA1CC99C}"
	ProjectSection(SolutionItems) = preProject
		..\..\JuceLibraryCode\modules\juce_data_structures\undomanager\juce_UndoableAction.h = ..\..\JuceLibraryCode\modules\juce_data_structures\undomanager\juce_UndoableAction.h
		..\..\JuceLibraryCode\modules\juce_data_structures\undomanager\juce_UndoManager.cpp = ..\..\JuceLibraryCode\modules\juce_data_structures\undomanager\juce_UndoManager.cpp
		..\..\JuceLibraryCode\modules\juce_data_structures\undomanager\juce_UndoManager.h = ..\..\JuceLibraryCode\modules\juce_data_structures\undomanager\juce_UndoManager.h
	EndProjectSection
EndProject
Project("{2150E333-8FDC-42A3-9474-1A3956D46DE8}") = "values", "values", "{A85F4C49-821F-8970-673A-B944D49FB7E3}"
	ProjectSection(SolutionItems) = preProject
		..\..\JuceLibraryCode\modules\juce_data_structures\values\juce_CachedValue.cpp = ..\..\JuceLibraryCode\modules\juce_data_structures\values\juce_CachedValue.cpp
		..\..\JuceLibraryCode\modules\juce_data_structures\values\juce_CachedValue.h = ..\..\JuceLibraryCode\modules\juce_data_structures\values\juce_CachedValue.h
		..\..\JuceLibraryCode\modules\juce_data_structures\values\juce_Value.cpp = ..\..\JuceLibraryCode\modules\juce_data_structures\values\juce_Value.cpp
		..\..\JuceLibraryCode\modules\juce_data_structures\values\juce_Value.h = ..\..\JuceLibraryCode\modules\juce_data_structures\values\juce_Value.h
		..\..\JuceLibraryCode\modules\juce_data_structures\values\juce_ValueTree.cpp = ..\..\JuceLibraryCode\modules\juce_data_structures\values\juce_ValueTree.cpp
		..\..\JuceLibraryCode\modules\juce_data_structures\values\juce_ValueTree.h = ..\..\JuceLibraryCode\modules\juce_data_structures\values\juce_ValueTree.h
		..\..\JuceLibraryCode\modules\juce_data_structures\values\juce_ValueTreeSynchroniser.cpp = ..\..\JuceLibraryCode\modules\juce_data_structures\values\juce_ValueTreeSynchroniser.cpp
		..\..\JuceLibraryCode\modules\juce_data_structures\values\juce_ValueTreeSynchroniser.h = ..\..\JuceLibraryCode\modules\juce_data_structures\values\juce_ValueTreeSynchroniser.h
	EndProjectSection
EndProject
Project("{2150E333-8FDC-42A3-9474-1A3956D46DE8}") = "juce_events", "juce_events", "{FC794184-5E75-90FA-4D88-0E201BFED805}"
	ProjectSection(SolutionItems) = preProject
		..\..\JuceLibraryCode\modules\juce_events\juce_events.cpp = ..\..\JuceLibraryCode\modules\juce_events\juce_events.cpp
		..\..\JuceLibraryCode\modules\juce_events\juce_events.h = ..\..\JuceLibraryCode\modules\juce_events\juce_events.h
		..\..\JuceLibraryCode\modules\juce_events\juce_events.mm = ..\..\JuceLibraryCode\modules\juce_events\juce_events.mm
		..\..\..\..\JUCE\modules\juce_events\juce_events.h = ..\..\..\..\JUCE\modules\juce_events\juce_events.h
	EndProjectSection
EndProject
Project("{2150E333-8FDC-42A3-9474-1A3956D46DE8}") = "broadcasters", "broadcasters", "{9E47598B-2577-465A-C90A-32404F7850B2}"
	ProjectSection(SolutionItems) = preProject
		..\..\JuceLibraryCode\modules\juce_events\broadcasters\juce_ActionBroadcaster.cpp = ..\..\JuceLibraryCode\modules\juce_events\broadcasters\juce_ActionBroadcaster.cpp
		..\..\JuceLibraryCode\modules\juce_events\broadcasters\juce_ActionBroadcaster.h = ..\..\JuceLibraryCode\modules\juce_events\broadcasters\juce_ActionBroadcaster.h
		..\..\JuceLibraryCode\modules\juce_events\broadcasters\juce_ActionListener.h = ..\..\JuceLibraryCode\modules\juce_events\broadcasters\juce_ActionListener.h
		..\..\JuceLibraryCode\modules\juce_events\broadcasters\juce_AsyncUpdater.cpp = ..\..\JuceLibraryCode\modules\juce_events\broadcasters\juce_AsyncUpdater.cpp
		..\..\JuceLibraryCode\modules\juce_events\broadcasters\juce_AsyncUpdater.h = ..\..\JuceLibraryCode\modules\juce_events\broadcasters\juce_AsyncUpdater.h
		..\..\JuceLibraryCode\modules\juce_events\broadcasters\juce_ChangeBroadcaster.cpp = ..\..\JuceLibraryCode\modules\juce_events\broadcasters\juce_ChangeBroadcaster.cpp
		..\..\JuceLibraryCode\modules\juce_events\broadcasters\juce_ChangeBroadcaster.h = ..\..\JuceLibraryCode\modules\juce_events\broadcasters\juce_ChangeBroadcaster.h
		..\..\JuceLibraryCode\modules\juce_events\broadcasters\juce_ChangeListener.h = ..\..\JuceLibraryCode\modules\juce_events\broadcasters\juce_ChangeListener.h
	EndProjectSection
EndProject
Project("{2150E333-8FDC-42A3-9474-1A3956D46DE8}") = "interprocess", "interprocess", "{48F8370A-172B-3EA6-E5DF-EA1916F0153E}"
	ProjectSection(SolutionItems) = preProject
		..\..\JuceLibraryCode\modules\juce_events\interprocess\juce_ConnectedChildProcess.cpp = ..\..\JuceLibraryCode\modules\juce_events\interprocess\juce_ConnectedChildProcess.cpp
		..\..\JuceLibraryCode\modules\juce_events\interprocess\juce_ConnectedChildProcess.h = ..\..\JuceLibraryCode\modules\juce_events\interprocess\juce_ConnectedChildProcess.h
		..\..\JuceLibraryCode\modules\juce_events\interprocess\juce_InterprocessConnection.cpp = ..\..\JuceLibraryCode\modules\juce_events\interprocess\juce_InterprocessConnection.cpp
		..\..\JuceLibraryCode\modules\juce_events\interprocess\juce_InterprocessConnection.h = ..\..\JuceLibraryCode\modules\juce_events\interprocess\juce_InterprocessConnection.h
		..\..\JuceLibraryCode\modules\juce_events\interprocess\juce_InterprocessConnectionServer.cpp = ..\..\JuceLibraryCode\modules\juce_events\interprocess\juce_InterprocessConnectionServer.cpp
		..\..\JuceLibraryCode\modules\juce_events\interprocess\juce_InterprocessConnectionServer.h = ..\..\JuceLibraryCode\modules\juce_events\interprocess\juce_InterprocessConnectionServer.h
	EndProjectSection
EndProject
Project("{2150E333-8FDC-42A3-9474-1A3956D46DE8}") = "messages", "messages", "{3898C2CE-3B0F-2B59-A173-8F60EE808168}"
	ProjectSection(SolutionItems) = preProject
		..\..\JuceLibraryCode\modules\juce_events\messages\juce_ApplicationBase.cpp = ..\..\JuceLibraryCode\modules\juce_events\messages\juce_ApplicationBase.cpp
		..\..\JuceLibraryCode\modules\juce_events\messages\juce_ApplicationBase.h = ..\..\JuceLibraryCode\modules\juce_events\messages\juce_ApplicationBase.h
		..\..\JuceLibraryCode\modules\juce_events\messages\juce_CallbackMessage.h = ..\..\JuceLibraryCode\modules\juce_events\messages\juce_CallbackMessage.h
		..\..\JuceLibraryCode\modules\juce_events\messages\juce_DeletedAtShutdown.cpp = ..\..\JuceLibraryCode\modules\juce_events\messages\juce_DeletedAtShutdown.cpp
		..\..\JuceLibraryCode\modules\juce_events\messages\juce_DeletedAtShutdown.h = ..\..\JuceLibraryCode\modules\juce_events\messages\juce_DeletedAtShutdown.h
		..\..\JuceLibraryCode\modules\juce_events\messages\juce_Initialisation.h = ..\..\JuceLibraryCode\modules\juce_events\messages\juce_Initialisation.h
		..\..\JuceLibraryCode\modules\juce_events\messages\juce_Message.h = ..\..\JuceLibraryCode\modules\juce_events\messages\juce_Message.h
		..\..\JuceLibraryCode\modules\juce_events\messages\juce_MessageListener.cpp = ..\..\JuceLibraryCode\modules\juce_events\messages\juce_MessageListener.cpp
		..\..\JuceLibraryCode\modules\juce_events\messages\juce_MessageListener.h = ..\..\JuceLibraryCode\modules\juce_events\messages\juce_MessageListener.h
		..\..\JuceLibraryCode\modules\juce_events\messages\juce_MessageManager.cpp = ..\..\JuceLibraryCode\modules\juce_events\messages\juce_MessageManager.cpp
		..\..\JuceLibraryCode\modules\juce_events\messages\juce_MessageManager.h = ..\..\JuceLibraryCode\modules\juce_events\messages\juce_MessageManager.h
		..\..\JuceLibraryCode\modules\juce_events\messages\juce_MountedVolumeListChangeDetector.h = ..\..\JuceLibraryCode\modules\juce_events\messages\juce_MountedVolumeListChangeDetector.h
		..\..\JuceLibraryCode\modules\juce_events\messages\juce_NotificationType.h = ..\..\JuceLibraryCode\modules\juce_events\messages\juce_NotificationType.h
	EndProjectSection
EndProject
Project("{2150E333-8FDC-42A3-9474-1A3956D46DE8}") = "native", "native", "{01E01F63-A042-9A34-270C-B5D7C77D2D2E}"
	ProjectSection(SolutionItems) = preProject
		..\..\JuceLibraryCode\modules\juce_events\native\juce_android_Messaging.cpp = ..\..\JuceLibraryCode\modules\juce_events\native\juce_android_Messaging.cpp
		..\..\JuceLibraryCode\modules\juce_events\native\juce_ios_MessageManager.mm = ..\..\JuceLibraryCode\modules\juce_events\native\juce_ios_MessageManager.mm
		..\..\JuceLibraryCode\modules\juce_events\native\juce_linux_EventLoop.h = ..\..\JuceLibraryCode\modules\juce_events\native\juce_linux_EventLoop.h
		..\..\JuceLibraryCode\modules\juce_events\native\juce_linux_Messaging.cpp = ..\..\JuceLibraryCode\modules\juce_events\native\juce_linux_Messaging.cpp
		..\..\JuceLibraryCode\modules\juce_events\native\juce_mac_MessageManager.mm = ..\..\JuceLibraryCode\modules\juce_events\native\juce_mac_MessageManager.mm
		..\..\JuceLibraryCode\modules\juce_events\native\juce_osx_MessageQueue.h = ..\..\JuceLibraryCode\modules\juce_events\native\juce_osx_MessageQueue.h
		..\..\JuceLibraryCode\modules\juce_events\native\juce_win32_HiddenMessageWindow.h = ..\..\JuceLibraryCode\modules\juce_events\native\juce_win32_HiddenMessageWindow.h
		..\..\JuceLibraryCode\modules\juce_events\native\juce_win32_Messaging.cpp = ..\..\JuceLibraryCode\modules\juce_events\native\juce_win32_Messaging.cpp
		..\..\JuceLibraryCode\modules\juce_events\native\juce_win32_WinRTWrapper.cpp = ..\..\JuceLibraryCode\modules\juce_events\native\juce_win32_WinRTWrapper.cpp
		..\..\JuceLibraryCode\modules\juce_events\native\juce_win32_WinRTWrapper.h = ..\..\JuceLibraryCode\modules\juce_events\native\juce_win32_WinRTWrapper.h
	EndProjectSection
EndProject
Project("{2150E333-8FDC-42A3-9474-1A3956D46DE8}") = "timers", "timers", "{DB7B412F-7680-ACAF-3D61-D629541DA87B}"
	ProjectSection(SolutionItems) = preProject
		..\..\JuceLibraryCode\modules\juce_events\timers\juce_MultiTimer.cpp = ..\..\JuceLibraryCode\modules\juce_events\timers\juce_MultiTimer.cpp
		..\..\JuceLibraryCode\modules\juce_events\timers\juce_MultiTimer.h = ..\..\JuceLibraryCode\modules\juce_events\timers\juce_MultiTimer.h
		..\..\JuceLibraryCode\modules\juce_events\timers\juce_Timer.cpp = ..\..\JuceLibraryCode\modules\juce_events\timers\juce_Timer.cpp
		..\..\JuceLibraryCode\modules\juce_events\timers\juce_Timer.h = ..\..\JuceLibraryCode\modules\juce_events\timers\juce_Timer.h
	EndProjectSection
EndProject
Project("{2150E333-8FDC-42A3-9474-1A3956D46DE8}") = "Juce Library Code", "Juce Library Code", "{B1E33BF4-EA8D-4371-52E9-7A62B5843215}"
	ProjectSection(SolutionItems) = preProject
		..\..\JuceLibraryCode\AppConfig.h = ..\..\JuceLibraryCode\AppConfig.h
		..\..\JuceLibraryCode\include_juce_audio_basics.cpp = ..\..\JuceLibraryCode\include_juce_audio_basics.cpp
		..\..\JuceLibraryCode\include_juce_audio_devices.cpp = ..\..\JuceLibraryCode\include_juce_audio_devices.cpp
		..\..\JuceLibraryCode\include_juce_core.cpp = ..\..\JuceLibraryCode\include_juce_core.cpp
		..\..\JuceLibraryCode\include_juce_data_structures.cpp = ..\..\JuceLibraryCode\include_juce_data_structures.cpp
		..\..\JuceLibraryCode\include_juce_events.cpp = ..\..\JuceLibraryCode\include_juce_events.cpp
		..\..\JuceLibraryCode\JuceHeader.h = ..\..\JuceLibraryCode\JuceHeader.h
	EndProjectSection
EndProject
Global
	GlobalSection(SolutionConfigurationPlatforms) = preSolution
		Debug|Win32 = Debug|Win32
		Release|Win32 = Release|Win32
	EndGlobalSection
	GlobalSection(ProjectConfigurationPlatforms) = postSolution
		{EC07A94C-C6F1-D5CC-D12F-CB5B41909707}.Debug|Win32.Build.0 = Debug|Win32
		{EC07A94C-C6F1-D5CC-D12F-CB5B41909707}.Debug|Win32.ActiveCfg = Debug|Win32
		{EC07A94C-C6F1-D5CC-D12F-CB5B41909707}.Release|Win32.Build.0 = Release|Win32
		{EC07A94C-C6F1-D5CC-D12F-CB5B41909707}.Release|Win32.ActiveCfg = Release|Win32
	EndGlobalSection
	GlobalSection(SolutionProperties) = preSolution
		HideSolutionNode = FALSE
	EndGlobalSection
	GlobalSection(NestedProjects) = preSolution
		{252175E7-71E7-97EF-2D08-FF69A4A6CC07} = {300DF541-1546-B375-72BA-7D0111C3CAEE}
		{EBF046F5-7CA3-37D3-9D14-C9A7C0217454} = {7D98269F-FE96-6BA2-6982-95A094257474}
		{7CD42E50-9A58-3EBA-EE01-8BB53EE23455} = {7D98269F-FE96-6BA2-6982-95A094257474}
		{F9D856A3-0393-6323-2067-7800D15AE886} = {7D98269F-FE96-6BA2-6982-95A094257474}
		{FBCC726E-3B5D-51C5-5448-EB34B8EF4D5A} = {7D98269F-FE96-6BA2-6982-95A094257474}
		{42A6BDC7-7BE0-EBA7-7449-244611E7C050} = {7D98269F-FE96-6BA2-6982-95A094257474}
		{2C9328F7-BEDA-D0AD-8A77-25E2413F43B3} = {7D98269F-FE96-6BA2-6982-95A094257474}
		{42788118-A55A-13F2-0D75-9336034CC898} = {7D98269F-FE96-6BA2-6982-95A094257474}
		{7D98269F-FE96-6BA2-6982-95A094257474} = {AD2C04D4-7DBA-314E-4D66-F2B021015F59}
		{2FB2505D-2839-6A28-8B43-608B6961375F} = {9B424FDD-E818-734F-9A73-089DB94DAD0F}
		{3A38C056-9228-7750-758A-38C4DC501768} = {9B424FDD-E818-734F-9A73-089DB94DAD0F}
		{F86FE87E-E9FA-0117-7B1D-9BD6F8AE7A2B} = {9B424FDD-E818-734F-9A73-089DB94DAD0F}
		{AB4C4044-BD2A-AED7-B3B0-38C2624E2B03} = {9B424FDD-E818-734F-9A73-089DB94DAD0F}
		{9B424FDD-E818-734F-9A73-089DB94DAD0F} = {AD2C04D4-7DBA-314E-4D66-F2B021015F59}
		{65518DFA-AA0E-33C8-3816-2792B73EE256} = {5C1FF221-EF7F-CCBD-1CED-454508D18369}
		{A58B512B-E06C-F645-55DA-8C87A7FE568A} = {5C1FF221-EF7F-CCBD-1CED-454508D18369}
		{F41628A6-1B4D-BAAE-BD31-8B298B25155E} = {5C1FF221-EF7F-CCBD-1CED-454508D18369}
		{FAFBE04F-6764-E922-D991-54D4D908DBA5} = {5C1FF221-EF7F-CCBD-1CED-454508D18369}
		{6AC5FD7B-2555-16E4-1EC8-1C85466A64FC} = {5C1FF221-EF7F-CCBD-1CED-454508D18369}
		{A8246D49-1273-98A4-3640-F5673DEE9250} = {5C1FF221-EF7F-CCBD-1CED-454508D18369}
		{228DF378-DF6F-D561-0542-4A1E34678E20} = {5C1FF221-EF7F-CCBD-1CED-454508D18369}
		{02D924C5-4027-A20C-112B-E5305C57BF91} = {5C1FF221-EF7F-CCBD-1CED-454508D18369}
		{BFF70AFC-81A2-7995-594E-665B0B44488C} = {5C1FF221-EF7F-CCBD-1CED-454508D18369}
		{B792300F-6FF9-8505-6817-4DB46F56EDF3} = {5C1FF221-EF7F-CCBD-1CED-454508D18369}
		{B1A7B527-3B6C-7043-1621-3B6EDDD1CF83} = {5C1FF221-EF7F-CCBD-1CED-454508D18369}
		{D3A3219A-8BB2-17B3-667F-1C8B45591886} = {5C1FF221-EF7F-CCBD-1CED-454508D18369}
		{0B977787-6585-4F16-AE12-80D41FA45EE1} = {5C1FF221-EF7F-CCBD-1CED-454508D18369}
		{B00B716D-4253-9A7E-3BD7-27AF9469D1E6} = {5C1FF221-EF7F-CCBD-1CED-454508D18369}
		{E2A357EF-C157-ED08-1979-0CCF55091353} = {5C1FF221-EF7F-CCBD-1CED-454508D18369}
		{E843862A-9401-9721-AA93-D8991E9A6E27} = {5C1FF221-EF7F-CCBD-1CED-454508D18369}
		{5CEAE3EF-C9AF-D573-4DFD-C50764137E87} = {F2168155-D168-B526-81BE-D83B4B91C24A}
		{F2168155-D168-B526-81BE-D83B4B91C24A} = {5C1FF221-EF7F-CCBD-1CED-454508D18369}
		{5C1FF221-EF7F-CCBD-1CED-454508D18369} = {AD2C04D4-7DBA-314E-4D66-F2B021015F59}
		{4A705E23-0141-66F3-2594-CD9A0BF44C32} = {F637247F-DED6-3C77-BFE6-443CE9E617D9}
		{A4B83D1B-4E23-17E7-3AEA-B45FBA1CC99C} = {F637247F-DED6-3C77-BFE6-443CE9E617D9}
		{A85F4C49-821F-8970-673A-B944D49FB7E3} = {F637247F-DED6-3C77-BFE6-443CE9E617D9}
		{F637247F-DED6-3C77-BFE6-443CE9E617D9} = {AD2C04D4-7DBA-314E-4D66-F2B021015F59}
		{9E47598B-2577-465A-C90A-32404F7850B2} = {FC794184-5E75-90FA-4D88-0E201BFED805}
		{48F8370A-172B-3EA6-E5DF-EA1916F0153E} = {FC794184-5E75-90FA-4D88-0E201BFED805}
		{3898C2CE-3B0F-2B59-A173-8F60EE808168} = {FC794184-5E75-90FA-4D88-0E201BFED805}
		{01E01F63-A042-9A34-270C-B5D7C77D2D2E} = {FC794184-5E75-90FA-4D88-0E201BFED805}
		{DB7B412F-7680-ACAF-3D61-D629541DA87B} = {FC794184-5E75-90FA-4D88-0E201BFED805}
		{FC794184-5E75-90FA-4D88-0E201BFED805} = {AD2C04D4-7DBA-314E-4D66-F2B021015F59}
	EndGlobalSection
EndGlobal
